
Microsoft Visual Studio Solution File, Format Version 12.00
# Visual Studio 2012
Project("{FAE04EC0-301F-11D3-BF4B-00C04F79EFBC}") = "MyFrameWork.EF", "MyEf\MyFrameWork.EF.csproj", "{C1070562-9107-4A97-B0A0-98634C917DE0}"
EndProject
Project("{FAE04EC0-301F-11D3-BF4B-00C04F79EFBC}") = "MyFrameWork.Dao.Interface", "MyFrameWork.Dao.Interface\MyFrameWork.Dao.Interface.csproj", "{F7604E07-072C-4478-84A0-1DC3863B2343}"
EndProject
Project("{FAE04EC0-301F-11D3-BF4B-00C04F79EFBC}") = "MyFrameWork.Dao.Implement", "MyFrameWork.Dao.Implement\MyFrameWork.Dao.Implement.csproj", "{37E896AA-1C2B-4073-9C85-221409F4DDB0}"
EndProject
Project("{FAE04EC0-301F-11D3-BF4B-00C04F79EFBC}") = "MyFrameWork.Services.Interface", "MyFrameWork.Services.interface\MyFrameWork.Services.Interface.csproj", "{76B4DAE5-D696-4B82-B0A0-9F6C9A50CB08}"
EndProject
Project("{FAE04EC0-301F-11D3-BF4B-00C04F79EFBC}") = "MyFrameWork.Services.Implement", "MyFrameWork.Services.Implement\MyFrameWork.Services.Implement.csproj", "{EADF02CC-8682-4FD6-B9D6-B5BB6D7D4DB1}"
EndProject
Project("{FAE04EC0-301F-11D3-BF4B-00C04F79EFBC}") = "MyFrameWork.Models", "MyFrameWork.Models\MyFrameWork.Models.csproj", "{D6E9F28E-23EE-4BB0-BC84-D867DE228B6A}"
EndProject
Project("{FAE04EC0-301F-11D3-BF4B-00C04F79EFBC}") = "MyFrameWork.MvcWeb", "MyFrameWork.MvcWeb\MyFrameWork.MvcWeb.csproj", "{E366B46A-FC9C-47AF-A0E2-6DEBD0DB0153}"
EndProject
Project("{FAE04EC0-301F-11D3-BF4B-00C04F79EFBC}") = "MyFrameWork.MvcWeb.Tests", "MyFrameWork.MvcWeb.Tests\MyFrameWork.MvcWeb.Tests.csproj", "{AF9D8363-9575-4933-BFC8-3DD84C0D487C}"
EndProject
Project("{FAE04EC0-301F-11D3-BF4B-00C04F79EFBC}") = "MyFrameWork.WebAPI", "MyFrameWork.WebAPI\MyFrameWork.WebAPI.csproj", "{5B48B20B-8F5F-4E53-BFD3-7A876AC94C8F}"
EndProject
Project("{FAE04EC0-301F-11D3-BF4B-00C04F79EFBC}") = "MyFrameWork.WebAPI.Tests", "MyFrameWork.WebAPI.Tests\MyFrameWork.WebAPI.Tests.csproj", "{05A05D30-692C-48F6-B17D-4B0D97ED61FB}"
EndProject
Project("{FAE04EC0-301F-11D3-BF4B-00C04F79EFBC}") = "MyFrameWork.Utils", "MyFrameWork.Utils\MyFrameWork.Utils.csproj", "{871A9D5F-969B-4240-BF30-6850C6ECF57E}"
EndProject
Project("{2150E333-8FDC-42A3-9474-1A3956D46DE8}") = "DAl", "DAl", "{5CB44362-45D3-4EB4-9CD6-3007E084A46D}"
EndProject
Project("{2150E333-8FDC-42A3-9474-1A3956D46DE8}") = "BLL", "BLL", "{77923792-418A-4B37-A390-7D591D035B5A}"
EndProject
Project("{2150E333-8FDC-42A3-9474-1A3956D46DE8}") = "WebMVC", "WebMVC", "{3B17EDF2-59D3-4F21-95DD-B5987626A5EF}"
EndProject
Project("{2150E333-8FDC-42A3-9474-1A3956D46DE8}") = "Models", "Models", "{FE9FAF5A-9457-4FBB-BA46-B23870B24DF1}"
EndProject
Project("{2150E333-8FDC-42A3-9474-1A3956D46DE8}") = "Utils", "Utils", "{29E5D499-0F6C-4B15-86E8-925F755B16C8}"
EndProject
Project("{2150E333-8FDC-42A3-9474-1A3956D46DE8}") = "WebAPI", "WebAPI", "{E95C416F-78F4-4D6B-B150-C3812A2180B7}"
EndProject
Global
	GlobalSection(SolutionConfigurationPlatforms) = preSolution
		Debug|Any CPU = Debug|Any CPU
		Release|Any CPU = Release|Any CPU
	EndGlobalSection
	GlobalSection(ProjectConfigurationPlatforms) = postSolution
		{C1070562-9107-4A97-B0A0-98634C917DE0}.Debug|Any CPU.ActiveCfg = Debug|Any CPU
		{C1070562-9107-4A97-B0A0-98634C917DE0}.Debug|Any CPU.Build.0 = Debug|Any CPU
		{C1070562-9107-4A97-B0A0-98634C917DE0}.Release|Any CPU.ActiveCfg = Release|Any CPU
		{C1070562-9107-4A97-B0A0-98634C917DE0}.Release|Any CPU.Build.0 = Release|Any CPU
		{F7604E07-072C-4478-84A0-1DC3863B2343}.Debug|Any CPU.ActiveCfg = Debug|Any CPU
		{F7604E07-072C-4478-84A0-1DC3863B2343}.Debug|Any CPU.Build.0 = Debug|Any CPU
		{F7604E07-072C-4478-84A0-1DC3863B2343}.Release|Any CPU.ActiveCfg = Release|Any CPU
		{F7604E07-072C-4478-84A0-1DC3863B2343}.Release|Any CPU.Build.0 = Release|Any CPU
		{37E896AA-1C2B-4073-9C85-221409F4DDB0}.Debug|Any CPU.ActiveCfg = Debug|Any CPU
		{37E896AA-1C2B-4073-9C85-221409F4DDB0}.Debug|Any CPU.Build.0 = Debug|Any CPU
		{37E896AA-1C2B-4073-9C85-221409F4DDB0}.Release|Any CPU.ActiveCfg = Release|Any CPU
		{37E896AA-1C2B-4073-9C85-221409F4DDB0}.Release|Any CPU.Build.0 = Release|Any CPU
		{76B4DAE5-D696-4B82-B0A0-9F6C9A50CB08}.Debug|Any CPU.ActiveCfg = Debug|Any CPU
		{76B4DAE5-D696-4B82-B0A0-9F6C9A50CB08}.Debug|Any CPU.Build.0 = Debug|Any CPU
		{76B4DAE5-D696-4B82-B0A0-9F6C9A50CB08}.Release|Any CPU.ActiveCfg = Release|Any CPU
		{76B4DAE5-D696-4B82-B0A0-9F6C9A50CB08}.Release|Any CPU.Build.0 = Release|Any CPU
		{EADF02CC-8682-4FD6-B9D6-B5BB6D7D4DB1}.Debug|Any CPU.ActiveCfg = Debug|Any CPU
		{EADF02CC-8682-4FD6-B9D6-B5BB6D7D4DB1}.Debug|Any CPU.Build.0 = Debug|Any CPU
		{EADF02CC-8682-4FD6-B9D6-B5BB6D7D4DB1}.Release|Any CPU.ActiveCfg = Release|Any CPU
		{EADF02CC-8682-4FD6-B9D6-B5BB6D7D4DB1}.Release|Any CPU.Build.0 = Release|Any CPU
		{D6E9F28E-23EE-4BB0-BC84-D867DE228B6A}.Debug|Any CPU.ActiveCfg = Debug|Any CPU
		{D6E9F28E-23EE-4BB0-BC84-D867DE228B6A}.Debug|Any CPU.Build.0 = Debug|Any CPU
		{D6E9F28E-23EE-4BB0-BC84-D867DE228B6A}.Release|Any CPU.ActiveCfg = Release|Any CPU
		{D6E9F28E-23EE-4BB0-BC84-D867DE228B6A}.Release|Any CPU.Build.0 = Release|Any CPU
		{E366B46A-FC9C-47AF-A0E2-6DEBD0DB0153}.Debug|Any CPU.ActiveCfg = Debug|Any CPU
		{E366B46A-FC9C-47AF-A0E2-6DEBD0DB0153}.Debug|Any CPU.Build.0 = Debug|Any CPU
		{E366B46A-FC9C-47AF-A0E2-6DEBD0DB0153}.Release|Any CPU.ActiveCfg = Release|Any CPU
		{E366B46A-FC9C-47AF-A0E2-6DEBD0DB0153}.Release|Any CPU.Build.0 = Release|Any CPU
		{AF9D8363-9575-4933-BFC8-3DD84C0D487C}.Debug|Any CPU.ActiveCfg = Debug|Any CPU
		{AF9D8363-9575-4933-BFC8-3DD84C0D487C}.Debug|Any CPU.Build.0 = Debug|Any CPU
		{AF9D8363-9575-4933-BFC8-3DD84C0D487C}.Release|Any CPU.ActiveCfg = Release|Any CPU
		{AF9D8363-9575-4933-BFC8-3DD84C0D487C}.Release|Any CPU.Build.0 = Release|Any CPU
		{5B48B20B-8F5F-4E53-BFD3-7A876AC94C8F}.Debug|Any CPU.ActiveCfg = Debug|Any CPU
		{5B48B20B-8F5F-4E53-BFD3-7A876AC94C8F}.Debug|Any CPU.Build.0 = Debug|Any CPU
		{5B48B20B-8F5F-4E53-BFD3-7A876AC94C8F}.Release|Any CPU.ActiveCfg = Release|Any CPU
		{5B48B20B-8F5F-4E53-BFD3-7A876AC94C8F}.Release|Any CPU.Build.0 = Release|Any CPU
		{05A05D30-692C-48F6-B17D-4B0D97ED61FB}.Debug|Any CPU.ActiveCfg = Debug|Any CPU
		{05A05D30-692C-48F6-B17D-4B0D97ED61FB}.Debug|Any CPU.Build.0 = Debug|Any CPU
		{05A05D30-692C-48F6-B17D-4B0D97ED61FB}.Release|Any CPU.ActiveCfg = Release|Any CPU
		{05A05D30-692C-48F6-B17D-4B0D97ED61FB}.Release|Any CPU.Build.0 = Release|Any CPU
		{871A9D5F-969B-4240-BF30-6850C6ECF57E}.Debug|Any CPU.ActiveCfg = Debug|Any CPU
		{871A9D5F-969B-4240-BF30-6850C6ECF57E}.Debug|Any CPU.Build.0 = Debug|Any CPU
		{871A9D5F-969B-4240-BF30-6850C6ECF57E}.Release|Any CPU.ActiveCfg = Release|Any CPU
		{871A9D5F-969B-4240-BF30-6850C6ECF57E}.Release|Any CPU.Build.0 = Release|Any CPU
	EndGlobalSection
	GlobalSection(SolutionProperties) = preSolution
		HideSolutionNode = FALSE
	EndGlobalSection
	GlobalSection(NestedProjects) = preSolution
		{37E896AA-1C2B-4073-9C85-221409F4DDB0} = {5CB44362-45D3-4EB4-9CD6-3007E084A46D}
		{F7604E07-072C-4478-84A0-1DC3863B2343} = {5CB44362-45D3-4EB4-9CD6-3007E084A46D}
		{76B4DAE5-D696-4B82-B0A0-9F6C9A50CB08} = {77923792-418A-4B37-A390-7D591D035B5A}
		{EADF02CC-8682-4FD6-B9D6-B5BB6D7D4DB1} = {77923792-418A-4B37-A390-7D591D035B5A}
		{E366B46A-FC9C-47AF-A0E2-6DEBD0DB0153} = {3B17EDF2-59D3-4F21-95DD-B5987626A5EF}
		{AF9D8363-9575-4933-BFC8-3DD84C0D487C} = {3B17EDF2-59D3-4F21-95DD-B5987626A5EF}
		{D6E9F28E-23EE-4BB0-BC84-D867DE228B6A} = {FE9FAF5A-9457-4FBB-BA46-B23870B24DF1}
		{C1070562-9107-4A97-B0A0-98634C917DE0} = {FE9FAF5A-9457-4FBB-BA46-B23870B24DF1}
		{871A9D5F-969B-4240-BF30-6850C6ECF57E} = {29E5D499-0F6C-4B15-86E8-925F755B16C8}
		{5B48B20B-8F5F-4E53-BFD3-7A876AC94C8F} = {E95C416F-78F4-4D6B-B150-C3812A2180B7}
		{05A05D30-692C-48F6-B17D-4B0D97ED61FB} = {E95C416F-78F4-4D6B-B150-C3812A2180B7}
	EndGlobalSection
EndGlobal
